// !$*UTF8*$!
{
	archiveVersion = 1;
	classes = {
	};
	objectVersion = 77;
	objects = {

/* Begin PBXContainerItemProxy section */
		F9DE8E3A2F2D3A53005C8FFE /* PBXContainerItemProxy */ = {
			isa = PBXContainerItemProxy;
			containerPortal = F9DE8E222F2D3A52005C8FFE /* Project object */;
			proxyType = 1;
			remoteGlobalIDString = F9DE8E292F2D3A52005C8FFE;
			remoteInfo = Lightiary;
		};
		F9DE8E442F2D3A53005C8FFE /* PBXContainerItemProxy */ = {
			isa = PBXContainerItemProxy;
			containerPortal = F9DE8E222F2D3A52005C8FFE /* Project object */;
			proxyType = 1;
			remoteGlobalIDString = F9DE8E292F2D3A52005C8FFE;
			remoteInfo = Lightiary;
		};
/* End PBXContainerItemProxy section */

/* Begin PBXFileReference section */
		F9DE8E2A2F2D3A52005C8FFE /* Lightiary.app */ = {isa = PBXFileReference; explicitFileType = wrapper.application; includeInIndex = 0; path = Lightiary.app; sourceTree = BUILT_PRODUCTS_DIR; };
		F9DE8E392F2D3A53005C8FFE /* LightiaryTests.xctest */ = {isa = PBXFileReference; explicitFileType = wrapper.cfbundle; includeInIndex = 0; path = LightiaryTests.xctest; sourceTree = BUILT_PRODUCTS_DIR; };
		F9DE8E432F2D3A53005C8FFE /* LightiaryUITests.xctest */ = {isa = PBXFileReference; explicitFileType = wrapper.cfbundle; includeInIndex = 0; path = LightiaryUITests.xctest; sourceTree = BUILT_PRODUCTS_DIR; };
/* End PBXFileReference section */

/* Begin PBXFileSystemSynchronizedRootGroup section */
		F9DE8E2C2F2D3A52005C8FFE /* Lightiary */ = {
			isa = PBXFileSystemSynchronizedRootGroup;
			path = Lightiary;
			sourceTree = "<group>";
		};
		F9DE8E3C2F2D3A53005C8FFE /* LightiaryTests */ = {
			isa = PBXFileSystemSynchronizedRootGroup;
			path = LightiaryTests;
			sourceTree = "<group>";
		};
		F9DE8E462F2D3A53005C8FFE /* LightiaryUITests */ = {
			isa = PBXFileSystemSynchronizedRootGroup;
			path = LightiaryUITests;
			sourceTree = "<group>";
		};
/* End PBXFileSystemSynchronizedRootGroup section */

/* Begin PBXFrameworksBuildPhase section */
		F9DE8E272F2D3A52005C8FFE /* Frameworks */ = {
			isa = PBXFrameworksBuildPhase;
			buildActionMask = 2147483647;
			files = (
			);
			runOnlyForDeploymentPostprocessing = 0;
		};
		F9DE8E362F2D3A53005C8FFE /* Frameworks */ = {
			isa = PBXFrameworksBuildPhase;
			buildActionMask = 2147483647;
			files = (
			);
			runOnlyForDeploymentPostprocessing = 0;
		};
		F9DE8E402F2D3A53005C8FFE /* Frameworks */ = {
			isa = PBXFrameworksBuildPhase;
			buildActionMask = 2147483647;
			files = (
			);
			runOnlyForDeploymentPostprocessing = 0;
		};
/* End PBXFrameworksBuildPhase section */

/* Begin PBXGroup section */
		F9DE8E212F2D3A52005C8FFE = {
			isa = PBXGroup;
			children = (
				F9DE8E2C2F2D3A52005C8FFE /* Lightiary */,
				F9DE8E3C2F2D3A53005C8FFE /* LightiaryTests */,
				F9DE8E462F2D3A53005C8FFE /* LightiaryUITests */,
				F9DE8E2B2F2D3A52005C8FFE /* Products */,
			);
			sourceTree = "<group>";
		};
		F9DE8E2B2F2D3A52005C8FFE /* Products */ = {
			isa = PBXGroup;
			children = (
				F9DE8E2A2F2D3A52005C8FFE /* Lightiary.app */,
				F9DE8E392F2D3A53005C8FFE /* LightiaryTests.xctest */,
				F9DE8E432F2D3A53005C8FFE /* LightiaryUITests.xctest */,
			);
			name = Products;
			sourceTree = "<group>";
		};
/* End PBXGroup section */

/* Begin PBXNativeTarget section */
		F9DE8E292F2D3A52005C8FFE /* Lightiary */ = {
			isa = PBXNativeTarget;
			buildConfigurationList = F9DE8E4D2F2D3A53005C8FFE /* Build configuration list for PBXNativeTarget "Lightiary" */;
			buildPhases = (
				F9DE8E262F2D3A52005C8FFE /* Sources */,
				F9DE8E272F2D3A52005C8FFE /* Frameworks */,
				F9DE8E282F2D3A52005C8FFE /* Resources */,
			);
			buildRules = (
			);
			dependencies = (
			);
			fileSystemSynchronizedGroups = (
				F9DE8E2C2F2D3A52005C8FFE /* Lightiary */,
			);
			name = Lightiary;
			packageProductDependencies = (
			);
			productName = Lightiary;
			productReference = F9DE8E2A2F2D3A52005C8FFE /* Lightiary.app */;
			productType = "com.apple.product-type.application";
		};
		F9DE8E382F2D3A53005C8FFE /* LightiaryTests */ = {
			isa = PBXNativeTarget;
			buildConfigurationList = F9DE8E502F2D3A53005C8FFE /* Build configuration list for PBXNativeTarget "LightiaryTests" */;
			buildPhases = (
				F9DE8E352F2D3A53005C8FFE /* Sources */,
				F9DE8E362F2D3A53005C8FFE /* Frameworks */,
				F9DE8E372F2D3A53005C8FFE /* Resources */,
			);
			buildRules = (
			);
			dependencies = (
				F9DE8E3B2F2D3A53005C8FFE /* PBXTargetDependency */,
			);
			fileSystemSynchronizedGroups = (
				F9DE8E3C2F2D3A53005C8FFE /* LightiaryTests */,
			);
			name = LightiaryTests;
			packageProductDependencies = (
			);
			productName = LightiaryTests;
			productReference = F9DE8E392F2D3A53005C8FFE /* LightiaryTests.xctest */;
			productType = "com.apple.product-type.bundle.unit-test";
		};
		F9DE8E422F2D3A53005C8FFE /* LightiaryUITests */ = {
			isa = PBXNativeTarget;
			buildConfigurationList = F9DE8E532F2D3A53005C8FFE /* Build configuration list for PBXNativeTarget "LightiaryUITests" */;
			buildPhases = (
				F9DE8E3F2F2D3A53005C8FFE /* Sources */,
				F9DE8E402F2D3A53005C8FFE /* Frameworks */,
				F9DE8E412F2D3A53005C8FFE /* Resources */,
			);
			buildRules = (
			);
			dependencies = (
				F9DE8E452F2D3A53005C8FFE /* PBXTargetDependency */,
			);
			fileSystemSynchronizedGroups = (
				F9DE8E462F2D3A53005C8FFE /* LightiaryUITests */,
			);
			name = LightiaryUITests;
			packageProductDependencies = (
			);
			productName = LightiaryUITests;
			productReference = F9DE8E432F2D3A53005C8FFE /* LightiaryUITests.xctest */;
			productType = "com.apple.product-type.bundle.ui-testing";
		};
/* End PBXNativeTarget section */

/* Begin PBXProject section */
		F9DE8E222F2D3A52005C8FFE /* Project object */ = {
			isa = PBXProject;
			attributes = {
				BuildIndependentTargetsInParallel = 1;
				LastSwiftUpdateCheck = 2620;
				LastUpgradeCheck = 2620;
				TargetAttributes = {
					F9DE8E292F2D3A52005C8FFE = {
						CreatedOnToolsVersion = 26.2;
					};
					F9DE8E382F2D3A53005C8FFE = {
						CreatedOnToolsVersion = 26.2;
						TestTargetID = F9DE8E292F2D3A52005C8FFE;
					};
					F9DE8E422F2D3A53005C8FFE = {
						CreatedOnToolsVersion = 26.2;
						TestTargetID = F9DE8E292F2D3A52005C8FFE;
					};
				};
			};
			buildConfigurationList = F9DE8E252F2D3A52005C8FFE /* Build configuration list for PBXProject "Lightiary" */;
			developmentRegion = en;
			hasScannedForEncodings = 0;
			knownRegions = (
				en,
				Base,
			);
			mainGroup = F9DE8E212F2D3A52005C8FFE;
			minimizedProjectReferenceProxies = 1;
			preferredProjectObjectVersion = 77;
			productRefGroup = F9DE8E2B2F2D3A52005C8FFE /* Products */;
			projectDirPath = "";
			projectRoot = "";
			targets = (
				F9DE8E292F2D3A52005C8FFE /* Lightiary */,
				F9DE8E382F2D3A53005C8FFE /* LightiaryTests */,
				F9DE8E422F2D3A53005C8FFE /* LightiaryUITests */,
			);
		};
/* End PBXProject section */

/* Begin PBXResourcesBuildPhase section */
		F9DE8E282F2D3A52005C8FFE /* Resources */ = {
			isa = PBXResourcesBuildPhase;
			buildActionMask = 2147483647;
			files = (
			);
			runOnlyForDeploymentPostprocessing = 0;
		};
		F9DE8E372F2D3A53005C8FFE /* Resources */ = {
			isa = PBXResourcesBuildPhase;
			buildActionMask = 2147483647;
			files = (
			);
			runOnlyForDeploymentPostprocessing = 0;
		};
		F9DE8E412F2D3A53005C8FFE /* Resources */ = {
			isa = PBXResourcesBuildPhase;
			buildActionMask = 2147483647;
			files = (
			);
			runOnlyForDeploymentPostprocessing = 0;
		};
/* End PBXResourcesBuildPhase section */

/* Begin PBXSourcesBuildPhase section */
		F9DE8E262F2D3A52005C8FFE /* Sources */ = {
			isa = PBXSourcesBuildPhase;
			buildActionMask = 2147483647;
			files = (
			);
			runOnlyForDeploymentPostprocessing = 0;
		};
		F9DE8E352F2D3A53005C8FFE /* Sources */ = {
			isa = PBXSourcesBuildPhase;
			buildActionMask = 2147483647;
			files = (
			);
			runOnlyForDeploymentPostprocessing = 0;
		};
		F9DE8E3F2F2D3A53005C8FFE /* Sources */ = {
			isa = PBXSourcesBuildPhase;
			buildActionMask = 2147483647;
			files = (
			);
			runOnlyForDeploymentPostprocessing = 0;
		};
/* End PBXSourcesBuildPhase section */

/* Begin PBXTargetDependency section */
		F9DE8E3B2F2D3A53005C8FFE /* PBXTargetDependency */ = {
			isa = PBXTargetDependency;
			target = F9DE8E292F2D3A52005C8FFE /* Lightiary */;
			targetProxy = F9DE8E3A2F2D3A53005C8FFE /* PBXContainerItemProxy */;
		};
		F9DE8E452F2D3A53005C8FFE /* PBXTargetDependency */ = {
			isa = PBXTargetDependency;
			target = F9DE8E292F2D3A52005C8FFE /* Lightiary */;
			targetProxy = F9DE8E442F2D3A53005C8FFE /* PBXContainerItemProxy */;
		};
/* End PBXTargetDependency section */

/* Begin XCBuildConfiguration section */
		F9DE8E4B2F2D3A53005C8FFE /* Debug */ = {
			isa = XCBuildConfiguration;
			buildSettings = {
				ALWAYS_SEARCH_USER_PATHS = NO;
				ASSETCATALOG_COMPILER_GENERATE_SWIFT_ASSET_SYMBOL_EXTENSIONS = YES;
				CLANG_ANALYZER_NONNULL = YES;
				CLANG_ANALYZER_NUMBER_OBJECT_CONVERSION = YES_AGGRESSIVE;
				CLANG_CXX_LANGUAGE_STANDARD = "gnu++20";
				CLANG_ENABLE_MODULES = YES;
				CLANG_ENABLE_OBJC_ARC = YES;
				CLANG_ENABLE_OBJC_WEAK = YES;
				CLANG_WARN_BLOCK_CAPTURE_AUTORELEASING = YES;
				CLANG_WARN_BOOL_CONVERSION = YES;
				CLANG_WARN_COMMA = YES;
				CLANG_WARN_CONSTANT_CONVERSION = YES;
				CLANG_WARN_DEPRECATED_OBJC_IMPLEMENTATIONS = YES;
				CLANG_WARN_DIRECT_OBJC_ISA_USAGE = YES_ERROR;
				CLANG_WARN_DOCUMENTATION_COMMENTS = YES;
				CLANG_WARN_EMPTY_BODY = YES;
				CLANG_WARN_ENUM_CONVERSION = YES;
				CLANG_WARN_INFINITE_RECURSION = YES;
				CLANG_WARN_INT_CONVERSION = YES;
				CLANG_WARN_NON_LITERAL_NULL_CONVERSION = YES;
				CLANG_WARN_OBJC_IMPLICIT_RETAIN_SELF = YES;
				CLANG_WARN_OBJC_LITERAL_CONVERSION = YES;
				CLANG_WARN_OBJC_ROOT_CLASS = YES_ERROR;
				CLANG_WARN_QUOTED_INCLUDE_IN_FRAMEWORK_HEADER = YES;
				CLANG_WARN_RANGE_LOOP_ANALYSIS = YES;
				CLANG_WARN_STRICT_PROTOTYPES = YES;
				CLANG_WARN_SUSPICIOUS_MOVE = YES;
				CLANG_WARN_UNGUARDED_AVAILABILITY = YES_AGGRESSIVE;
				CLANG_WARN_UNREACHABLE_CODE = YES;
				CLANG_WARN__DUPLICATE_METHOD_MATCH = YES;
				COPY_PHASE_STRIP = NO;
				DEBUG_INFORMATION_FORMAT = dwarf;
				ENABLE_STRICT_OBJC_MSGSEND = YES;
				ENABLE_TESTABILITY = YES;
				ENABLE_USER_SCRIPT_SANDBOXING = YES;
				GCC_C_LANGUAGE_STANDARD = gnu17;
				GCC_DYNAMIC_NO_PIC = NO;
				GCC_NO_COMMON_BLOCKS = YES;
				GCC_OPTIMIZATION_LEVEL = 0;
				GCC_PREPROCESSOR_DEFINITIONS = (
					"DEBUG=1",
					"$(inherited)",
				);
				GCC_WARN_64_TO_32_BIT_CONVERSION = YES;
				GCC_WARN_ABOUT_RETURN_TYPE = YES_ERROR;
				GCC_WARN_UNDECLARED_SELECTOR = YES;
				GCC_WARN_UNINITIALIZED_AUTOS = YES_AGGRESSIVE;
				GCC_WARN_UNUSED_FUNCTION = YES;
				GCC_WARN_UNUSED_VARIABLE = YES;
				IPHONEOS_DEPLOYMENT_TARGET = 26.2;
				LOCALIZATION_PREFERS_STRING_CATALOGS = YES;
				MTL_ENABLE_DEBUG_INFO = INCLUDE_SOURCE;
				MTL_FAST_MATH = YES;
				ONLY_ACTIVE_ARCH = YES;
				SDKROOT = iphoneos;
				SWIFT_ACTIVE_COMPILATION_CONDITIONS = "DEBUG $(inherited)";
				SWIFT_OPTIMIZATION_LEVEL = "-Onone";
			};
			name = Debug;
		};
		F9DE8E4C2F2D3A53005C8FFE /* Release */ = {
			isa = XCBuildConfiguration;
			buildSettings = {
				ALWAYS_SEARCH_USER_PATHS = NO;
				ASSETCATALOG_COMPILER_GENERATE_SWIFT_ASSET_SYMBOL_EXTENSIONS = YES;
				CLANG_ANALYZER_NONNULL = YES;
				CLANG_ANALYZER_NUMBER_OBJECT_CONVERSION = YES_AGGRESSIVE;
				CLANG_CXX_LANGUAGE_STANDARD = "gnu++20";
				CLANG_ENABLE_MODULES = YES;
				CLANG_ENABLE_OBJC_ARC = YES;
				CLANG_ENABLE_OBJC_WEAK = YES;
				CLANG_WARN_BLOCK_CAPTURE_AUTORELEASING = YES;
				CLANG_WARN_BOOL_CONVERSION = YES;
				CLANG_WARN_COMMA = YES;
				CLANG_WARN_CONSTANT_CONVERSION = YES;
				CLANG_WARN_DEPRECATED_OBJC_IMPLEMENTATIONS = YES;
				CLANG_WARN_DIRECT_OBJC_ISA_USAGE = YES_ERROR;
				CLANG_WARN_DOCUMENTATION_COMMENTS = YES;
				CLANG_WARN_EMPTY_BODY = YES;
				CLANG_WARN_ENUM_CONVERSION = YES;
				CLANG_WARN_INFINITE_RECURSION = YES;
				CLANG_WARN_INT_CONVERSION = YES;
				CLANG_WARN_NON_LITERAL_NULL_CONVERSION = YES;
				CLANG_WARN_OBJC_IMPLICIT_RETAIN_SELF = YES;
				CLANG_WARN_OBJC_LITERAL_CONVERSION = YES;
				CLANG_WARN_OBJC_ROOT_CLASS = YES_ERROR;
				CLANG_WARN_QUOTED_INCLUDE_IN_FRAMEWORK_HEADER = YES;
				CLANG_WARN_RANGE_LOOP_ANALYSIS = YES;
				CLANG_WARN_STRICT_PROTOTYPES = YES;
				CLANG_WARN_SUSPICIOUS_MOVE = YES;
				CLANG_WARN_UNGUARDED_AVAILABILITY = YES_AGGRESSIVE;
				CLANG_WARN_UNREACHABLE_CODE = YES;
				CLANG_WARN__DUPLICATE_METHOD_MATCH = YES;
				COPY_PHASE_STRIP = NO;
				DEBUG_INFORMATION_FORMAT = "dwarf-with-dsym";
				ENABLE_NS_ASSERTIONS = NO;
				ENABLE_STRICT_OBJC_MSGSEND = YES;
				ENABLE_USER_SCRIPT_SANDBOXING = YES;
				GCC_C_LANGUAGE_STANDARD = gnu17;
				GCC_NO_COMMON_BLOCKS = YES;
				GCC_WARN_64_TO_32_BIT_CONVERSION = YES;
				GCC_WARN_ABOUT_RETURN_TYPE = YES_ERROR;
				GCC_WARN_UNDECLARED_SELECTOR = YES;
				GCC_WARN_UNINITIALIZED_AUTOS = YES_AGGRESSIVE;
				GCC_WARN_UNUSED_FUNCTION = YES;
				GCC_WARN_UNUSED_VARIABLE = YES;
				IPHONEOS_DEPLOYMENT_TARGET = 26.2;
				LOCALIZATION_PREFERS_STRING_CATALOGS = YES;
				MTL_ENABLE_DEBUG_INFO = NO;
				MTL_FAST_MATH = YES;
				SDKROOT = iphoneos;
				SWIFT_COMPILATION_MODE = wholemodule;
				VALIDATE_PRODUCT = YES;
			};
			name = Release;
		};
		F9DE8E4E2F2D3A53005C8FFE /* Debug */ = {
			isa = XCBuildConfiguration;
			buildSettings = {
				ASSETCATALOG_COMPILER_APPICON_NAME = AppIcon;
				ASSETCATALOG_COMPILER_GLOBAL_ACCENT_COLOR_NAME = AccentColor;
				CODE_SIGN_STYLE = Automatic;
				CURRENT_PROJECT_VERSION = 1;
				ENABLE_PREVIEWS = YES;
				GENERATE_INFOPLIST_FILE = YES;
				INFOPLIST_KEY_UIApplicationSceneManifest_Generation = YES;
				INFOPLIST_KEY_UIApplicationSupportsIndirectInputEvents = YES;
				INFOPLIST_KEY_UILaunchScreen_Generation = YES;
				INFOPLIST_KEY_UISupportedInterfaceOrientations_iPad = "UIInterfaceOrientationPortrait UIInterfaceOrientationPortraitUpsideDown UIInterfaceOrientationLandscapeLeft UIInterfaceOrientationLandscapeRight";
				INFOPLIST_KEY_UISupportedInterfaceOrientations_iPhone = "UIInterfaceOrientationPortrait UIInterfaceOrientationLandscapeLeft UIInterfaceOrientationLandscapeRight";
				LD_RUNPATH_SEARCH_PATHS = (
					"$(inherited)",
					"@executable_path/Frameworks",
				);
				MARKETING_VERSION = 1.0;
				PRODUCT_BUNDLE_IDENTIFIER = RandomProgrammerGuy.Lightiary;
				PRODUCT_NAME = "$(TARGET_NAME)";
				STRING_CATALOG_GENERATE_SYMBOLS = YES;
				SWIFT_APPROACHABLE_CONCURRENCY = YES;
				SWIFT_DEFAULT_ACTOR_ISOLATION = MainActor;
				SWIFT_EMIT_LOC_STRINGS = YES;
				SWIFT_UPCOMING_FEATURE_MEMBER_IMPORT_VISIBILITY = YES;
				SWIFT_VERSION = 5.0;
				TARGETED_DEVICE_FAMILY = "1,2";
			};
			name = Debug;
		};
		F9DE8E4F2F2D3A53005C8FFE /* Release */ = {
			isa = XCBuildConfiguration;
			buildSettings = {
				ASSETCATALOG_COMPILER_APPICON_NAME = AppIcon;
				ASSETCATALOG_COMPILER_GLOBAL_ACCENT_COLOR_NAME = AccentColor;
				CODE_SIGN_STYLE = Automatic;
				CURRENT_PROJECT_VERSION = 1;
				ENABLE_PREVIEWS = YES;
				GENERATE_INFOPLIST_FILE = YES;
				INFOPLIST_KEY_UIApplicationSceneManifest_Generation = YES;
				INFOPLIST_KEY_UIApplicationSupportsIndirectInputEvents = YES;
				INFOPLIST_KEY_UILaunchScreen_Generation = YES;
				INFOPLIST_KEY_UISupportedInterfaceOrientations_iPad = "UIInterfaceOrientationPortrait UIInterfaceOrientationPortraitUpsideDown UIInterfaceOrientationLandscapeLeft UIInterfaceOrientationLandscapeRight";
				INFOPLIST_KEY_UISupportedInterfaceOrientations_iPhone = "UIInterfaceOrientationPortrait UIInterfaceOrientationLandscapeLeft UIInterfaceOrientationLandscapeRight";
				LD_RUNPATH_SEARCH_PATHS = (
					"$(inherited)",
					"@executable_path/Frameworks",
				);
				MARKETING_VERSION = 1.0;
				PRODUCT_BUNDLE_IDENTIFIER = RandomProgrammerGuy.Lightiary;
				PRODUCT_NAME = "$(TARGET_NAME)";
				STRING_CATALOG_GENERATE_SYMBOLS = YES;
				SWIFT_APPROACHABLE_CONCURRENCY = YES;
				SWIFT_DEFAULT_ACTOR_ISOLATION = MainActor;
				SWIFT_EMIT_LOC_STRINGS = YES;
				SWIFT_UPCOMING_FEATURE_MEMBER_IMPORT_VISIBILITY = YES;
				SWIFT_VERSION = 5.0;
				TARGETED_DEVICE_FAMILY = "1,2";
			};
			name = Release;
		};
		F9DE8E512F2D3A53005C8FFE /* Debug */ = {
			isa = XCBuildConfiguration;
			buildSettings = {
				BUNDLE_LOADER = "$(TEST_HOST)";
				CODE_SIGN_STYLE = Automatic;
				CURRENT_PROJECT_VERSION = 1;
				GENERATE_INFOPLIST_FILE = YES;
				IPHONEOS_DEPLOYMENT_TARGET = 26.2;
				MARKETING_VERSION = 1.0;
				PRODUCT_BUNDLE_IDENTIFIER = RandomProgrammerGuy.LightiaryTests;
				PRODUCT_NAME = "$(TARGET_NAME)";
				STRING_CATALOG_GENERATE_SYMBOLS = NO;
				SWIFT_APPROACHABLE_CONCURRENCY = YES;
				SWIFT_EMIT_LOC_STRINGS = NO;
				SWIFT_UPCOMING_FEATURE_MEMBER_IMPORT_VISIBILITY = YES;
				SWIFT_VERSION = 5.0;
				TARGETED_DEVICE_FAMILY = "1,2";
				TEST_HOST = "$(BUILT_PRODUCTS_DIR)/Lightiary.app/$(BUNDLE_EXECUTABLE_FOLDER_PATH)/Lightiary";
			};
			name = Debug;
		};
		F9DE8E522F2D3A53005C8FFE /* Release */ = {
			isa = XCBuildConfiguration;
			buildSettings = {
				BUNDLE_LOADER = "$(TEST_HOST)";
				CODE_SIGN_STYLE = Automatic;
				CURRENT_PROJECT_VERSION = 1;
				GENERATE_INFOPLIST_FILE = YES;
				IPHONEOS_DEPLOYMENT_TARGET = 26.2;
				MARKETING_VERSION = 1.0;
				PRODUCT_BUNDLE_IDENTIFIER = RandomProgrammerGuy.LightiaryTests;
				PRODUCT_NAME = "$(TARGET_NAME)";
				STRING_CATALOG_GENERATE_SYMBOLS = NO;
				SWIFT_APPROACHABLE_CONCURRENCY = YES;
				SWIFT_EMIT_LOC_STRINGS = NO;
				SWIFT_UPCOMING_FEATURE_MEMBER_IMPORT_VISIBILITY = YES;
				SWIFT_VERSION = 5.0;
				TARGETED_DEVICE_FAMILY = "1,2";
				TEST_HOST = "$(BUILT_PRODUCTS_DIR)/Lightiary.app/$(BUNDLE_EXECUTABLE_FOLDER_PATH)/Lightiary";
			};
			name = Release;
		};
		F9DE8E542F2D3A53005C8FFE /* Debug */ = {
			isa = XCBuildConfiguration;
			buildSettings = {
				CODE_SIGN_STYLE = Automatic;
				CURRENT_PROJECT_VERSION = 1;
				GENERATE_INFOPLIST_FILE = YES;
				MARKETING_VERSION = 1.0;
				PRODUCT_BUNDLE_IDENTIFIER = RandomProgrammerGuy.LightiaryUITests;
				PRODUCT_NAME = "$(TARGET_NAME)";
				STRING_CATALOG_GENERATE_SYMBOLS = NO;
				SWIFT_APPROACHABLE_CONCURRENCY = YES;
				SWIFT_EMIT_LOC_STRINGS = NO;
				SWIFT_UPCOMING_FEATURE_MEMBER_IMPORT_VISIBILITY = YES;
				SWIFT_VERSION = 5.0;
				TARGETED_DEVICE_FAMILY = "1,2";
				TEST_TARGET_NAME = Lightiary;
			};
			name = Debug;
		};
		F9DE8E552F2D3A53005C8FFE /* Release */ = {
			isa = XCBuildConfiguration;
			buildSettings = {
				CODE_SIGN_STYLE = Automatic;
				CURRENT_PROJECT_VERSION = 1;
				GENERATE_INFOPLIST_FILE = YES;
				MARKETING_VERSION = 1.0;
				PRODUCT_BUNDLE_IDENTIFIER = RandomProgrammerGuy.LightiaryUITests;
				PRODUCT_NAME = "$(TARGET_NAME)";
				STRING_CATALOG_GENERATE_SYMBOLS = NO;
				SWIFT_APPROACHABLE_CONCURRENCY = YES;
				SWIFT_EMIT_LOC_STRINGS = NO;
				SWIFT_UPCOMING_FEATURE_MEMBER_IMPORT_VISIBILITY = YES;
				SWIFT_VERSION = 5.0;
				TARGETED_DEVICE_FAMILY = "1,2";
				TEST_TARGET_NAME = Lightiary;
			};
			name = Release;
		};
/* End XCBuildConfiguration section */

/* Begin XCConfigurationList section */
		F9DE8E252F2D3A52005C8FFE /* Build configuration list for PBXProject "Lightiary" */ = {
			isa = XCConfigurationList;
			buildConfigurations = (
				F9DE8E4B2F2D3A53005C8FFE /* Debug */,
				F9DE8E4C2F2D3A53005C8FFE /* Release */,
			);
			defaultConfigurationIsVisible = 0;
			defaultConfigurationName = Release;
		};
		F9DE8E4D2F2D3A53005C8FFE /* Build configuration list for PBXNativeTarget "Lightiary" */ = {
			isa = XCConfigurationList;
			buildConfigurations = (
				F9DE8E4E2F2D3A53005C8FFE /* Debug */,
				F9DE8E4F2F2D3A53005C8FFE /* Release */,
			);
			defaultConfigurationIsVisible = 0;
			defaultConfigurationName = Release;
		};
		F9DE8E502F2D3A53005C8FFE /* Build configuration list for PBXNativeTarget "LightiaryTests" */ = {
			isa = XCConfigurationList;
			buildConfigurations = (
				F9DE8E512F2D3A53005C8FFE /* Debug */,
				F9DE8E522F2D3A53005C8FFE /* Release */,
			);
			defaultConfigurationIsVisible = 0;
			defaultConfigurationName = Release;
		};
		F9DE8E532F2D3A53005C8FFE /* Build configuration list for PBXNativeTarget "LightiaryUITests" */ = {
			isa = XCConfigurationList;
			buildConfigurations = (
				F9DE8E542F2D3A53005C8FFE /* Debug */,
				F9DE8E552F2D3A53005C8FFE /* Release */,
			);
			defaultConfigurationIsVisible = 0;
			defaultConfigurationName = Release;
		};
/* End XCConfigurationList section */
	};
	rootObject = F9DE8E222F2D3A52005C8FFE /* Project object */;
}
